<Solution>
  <Folder Name="/BuildingBlocks/">
    <Project Path="BuildingBlocks/BuildingBlocks.Messaging/BuildingBlocks.Messaging.csproj" />
    <Project Path="BuildingBlocks/BuildingBlocks/BuildingBlocks.csproj" />
  </Folder>
  <Folder Name="/Clients/">
    <Project Path="Clients/neurovision.ai.portal/neurovision.ai.portal.esproj">
      <Build />
      <Deploy />
    </Project>
  </Folder>
  <Folder Name="/Gateway/">
    <Project Path="Gateway/Gateway.API/Gateway.API.csproj" />
  </Folder>
  <Folder Name="/Services/" />
  <Folder Name="/Services/Identity/">
    <Project Path="Services/Identity/IdentityService.API/IdentityService.API.csproj" />
    <Project Path="Services/Identity/IdentityService.Application/IdentityService.Application.csproj" />
    <Project Path="Services/Identity/IdentityService.Domain/IdentityService.Domain.csproj" />
    <Project Path="Services/Identity/IdentityService.Infrastructure/IdentityService.Infrastructure.csproj" />
  </Folder>
  <Folder Name="/Tests/" />
  <Folder Name="/Tests/Identity/">
    <Project Path="tests/Identity/IdentityService.ArchitectureTests/IdentityService.ArchitectureTests.csproj" />
    <Project Path="tests/Identity/IdentityService.UnitTests/IdentityService.UnitTests.csproj" />
  </Folder>
  <Project Path="neurovision.ai.AppHost/neurovision.ai.AppHost.csproj" Id="cffd2ebe-982b-42ad-b022-6bcb9aa24004" />
  <Project Path="neurovision.ai.ServiceDefaults/neurovision.ai.ServiceDefaults.csproj" />
</Solution>
