
Microsoft Visual Studio Solution File, Format Version 12.00
# Visual Studio Version 17
VisualStudioVersion = 17.14.36327.8
MinimumVisualStudioVersion = 10.0.40219.1
Project("{2150E333-8FDC-42A3-9474-1A3956D46DE8}") = "ApiGateway", "ApiGateway", "{02EA681E-C7D8-13C7-8484-4AC65E1B71E8}"
EndProject
Project("{2150E333-8FDC-42A3-9474-1A3956D46DE8}") = "Services", "Services", "{B773B8AF-08A6-42B2-90E9-374296728CFB}"
EndProject
Project("{2150E333-8FDC-42A3-9474-1A3956D46DE8}") = "BuildingBlocks", "BuildingBlocks", "{F6C859C3-EB6D-440C-8379-9875DA7FC1A3}"
EndProject
Project("{FAE04EC0-301F-11D3-BF4B-00C04F79EFBC}") = "BuildingBlocks", "BuildingBlocks\BuildingBlocks\BuildingBlocks.csproj", "{4E8990BA-B58C-4324-B26F-0137E3146202}"
EndProject
Project("{FAE04EC0-301F-11D3-BF4B-00C04F79EFBC}") = "BuildingBlocks.Messaging", "BuildingBlocks\BuildingBlocks.Messaging\BuildingBlocks.Messaging.csproj", "{C4299002-6DCD-4F2D-AA66-EB353EF686BB}"
EndProject
Project("{2150E333-8FDC-42A3-9474-1A3956D46DE8}") = "Identity", "Identity", "{B3FA86EE-0545-44B8-B47B-BE7E23AA4E82}"
EndProject
Project("{FAE04EC0-301F-11D3-BF4B-00C04F79EFBC}") = "IdentityService.API", "Services\Identity\IdentityService.API\IdentityService.API.csproj", "{D71AFF95-4633-9FBE-A376-5A279505AF64}"
EndProject
Project("{FAE04EC0-301F-11D3-BF4B-00C04F79EFBC}") = "neurovision.ai.AppHost", "neurovision.ai.AppHost\neurovision.ai.AppHost.csproj", "{A4BF3698-941A-4558-9AB0-CAEB49E889EF}"
EndProject
Project("{FAE04EC0-301F-11D3-BF4B-00C04F79EFBC}") = "neurovision.ai.ServiceDefaults", "neurovision.ai.ServiceDefaults\neurovision.ai.ServiceDefaults.csproj", "{48944A44-7EA4-C173-73FA-40CA8AC3E1FB}"
EndProject
Project("{FAE04EC0-301F-11D3-BF4B-00C04F79EFBC}") = "IdentityService.Application", "Services\Identity\IdentityService.Application\IdentityService.Application.csproj", "{36349037-491D-40DA-B76E-3AE78EF2C1BF}"
EndProject
Project("{FAE04EC0-301F-11D3-BF4B-00C04F79EFBC}") = "IdentityService.Domain", "Services\Identity\IdentityService.Domain\IdentityService.Domain.csproj", "{1AAB7842-71F6-42D2-97A3-9E7DF2EBCBF1}"
EndProject
Project("{FAE04EC0-301F-11D3-BF4B-00C04F79EFBC}") = "IdentityService.Infrastructure", "Services\Identity\IdentityService.Infrastructure\IdentityService.Infrastructure.csproj", "{01438FBB-1799-430D-A92E-0DEB96D6C79B}"
EndProject
Project("{2150E333-8FDC-42A3-9474-1A3956D46DE8}") = "Doctor", "Doctor", "{B200FDB2-2A45-48A5-9E44-9C4C9106AE78}"
EndProject
Project("{FAE04EC0-301F-11D3-BF4B-00C04F79EFBC}") = "DoctorService.API", "Services\Doctor\DoctorService.API\DoctorService.API.csproj", "{AB0E50BD-2401-1997-AC6F-98B66ADAD23C}"
EndProject
Project("{FAE04EC0-301F-11D3-BF4B-00C04F79EFBC}") = "DoctorService.Application", "Services\Doctor\DoctorService.Application\DoctorService.Application.csproj", "{1665859A-3A53-475A-9907-7BA3C5AD5AD3}"
EndProject
Project("{FAE04EC0-301F-11D3-BF4B-00C04F79EFBC}") = "DoctorService.Domain", "Services\Doctor\DoctorService.Domain\DoctorService.Domain.csproj", "{728D781E-CD23-4A59-B9A1-D7311C3A5D29}"
EndProject
Project("{FAE04EC0-301F-11D3-BF4B-00C04F79EFBC}") = "DoctorService.Infrastructure", "Services\Doctor\DoctorService.Infrastructure\DoctorService.Infrastructure.csproj", "{80638E38-0D1E-4F63-9883-CBC521B65063}"
EndProject
Project("{2150E333-8FDC-42A3-9474-1A3956D46DE8}") = "Mail", "Mail", "{6801AD8A-3576-4648-94C1-E387DB7C287C}"
EndProject
Project("{FAE04EC0-301F-11D3-BF4B-00C04F79EFBC}") = "MailService.API", "Services\Mail\MailService.API\MailService.API.csproj", "{48A60915-5958-3A47-6660-785DFE320364}"
EndProject
Project("{FAE04EC0-301F-11D3-BF4B-00C04F79EFBC}") = "MailService.Application", "Services\Mail\MailService.Application\MailService.Application.csproj", "{9956B7E0-0729-436D-80FA-36842781529F}"
EndProject
Project("{FAE04EC0-301F-11D3-BF4B-00C04F79EFBC}") = "MailService.Domain", "Services\Mail\MailService.Domain\MailService.Domain.csproj", "{BA145C8C-FCDF-4064-83FD-1B5CFD8893B5}"
EndProject
Project("{FAE04EC0-301F-11D3-BF4B-00C04F79EFBC}") = "MailService.Infrastructure", "Services\Mail\MailService.Infrastructure\MailService.Infrastructure.csproj", "{768B075C-A3C8-495A-AA7E-E602A6DB7016}"
EndProject
Global
	GlobalSection(SolutionConfigurationPlatforms) = preSolution
		Debug|Any CPU = Debug|Any CPU
		Release|Any CPU = Release|Any CPU
	EndGlobalSection
	GlobalSection(ProjectConfigurationPlatforms) = postSolution
		{4E8990BA-B58C-4324-B26F-0137E3146202}.Debug|Any CPU.ActiveCfg = Debug|Any CPU
		{4E8990BA-B58C-4324-B26F-0137E3146202}.Debug|Any CPU.Build.0 = Debug|Any CPU
		{4E8990BA-B58C-4324-B26F-0137E3146202}.Release|Any CPU.ActiveCfg = Release|Any CPU
		{4E8990BA-B58C-4324-B26F-0137E3146202}.Release|Any CPU.Build.0 = Release|Any CPU
		{C4299002-6DCD-4F2D-AA66-EB353EF686BB}.Debug|Any CPU.ActiveCfg = Debug|Any CPU
		{C4299002-6DCD-4F2D-AA66-EB353EF686BB}.Debug|Any CPU.Build.0 = Debug|Any CPU
		{C4299002-6DCD-4F2D-AA66-EB353EF686BB}.Release|Any CPU.ActiveCfg = Release|Any CPU
		{C4299002-6DCD-4F2D-AA66-EB353EF686BB}.Release|Any CPU.Build.0 = Release|Any CPU
		{D71AFF95-4633-9FBE-A376-5A279505AF64}.Debug|Any CPU.ActiveCfg = Debug|Any CPU
		{D71AFF95-4633-9FBE-A376-5A279505AF64}.Debug|Any CPU.Build.0 = Debug|Any CPU
		{D71AFF95-4633-9FBE-A376-5A279505AF64}.Release|Any CPU.ActiveCfg = Release|Any CPU
		{D71AFF95-4633-9FBE-A376-5A279505AF64}.Release|Any CPU.Build.0 = Release|Any CPU
		{A4BF3698-941A-4558-9AB0-CAEB49E889EF}.Debug|Any CPU.ActiveCfg = Debug|Any CPU
		{A4BF3698-941A-4558-9AB0-CAEB49E889EF}.Debug|Any CPU.Build.0 = Debug|Any CPU
		{A4BF3698-941A-4558-9AB0-CAEB49E889EF}.Release|Any CPU.ActiveCfg = Release|Any CPU
		{A4BF3698-941A-4558-9AB0-CAEB49E889EF}.Release|Any CPU.Build.0 = Release|Any CPU
		{48944A44-7EA4-C173-73FA-40CA8AC3E1FB}.Debug|Any CPU.ActiveCfg = Debug|Any CPU
		{48944A44-7EA4-C173-73FA-40CA8AC3E1FB}.Debug|Any CPU.Build.0 = Debug|Any CPU
		{48944A44-7EA4-C173-73FA-40CA8AC3E1FB}.Release|Any CPU.ActiveCfg = Release|Any CPU
		{48944A44-7EA4-C173-73FA-40CA8AC3E1FB}.Release|Any CPU.Build.0 = Release|Any CPU
		{36349037-491D-40DA-B76E-3AE78EF2C1BF}.Debug|Any CPU.ActiveCfg = Debug|Any CPU
		{36349037-491D-40DA-B76E-3AE78EF2C1BF}.Debug|Any CPU.Build.0 = Debug|Any CPU
		{36349037-491D-40DA-B76E-3AE78EF2C1BF}.Release|Any CPU.ActiveCfg = Release|Any CPU
		{36349037-491D-40DA-B76E-3AE78EF2C1BF}.Release|Any CPU.Build.0 = Release|Any CPU
		{1AAB7842-71F6-42D2-97A3-9E7DF2EBCBF1}.Debug|Any CPU.ActiveCfg = Debug|Any CPU
		{1AAB7842-71F6-42D2-97A3-9E7DF2EBCBF1}.Debug|Any CPU.Build.0 = Debug|Any CPU
		{1AAB7842-71F6-42D2-97A3-9E7DF2EBCBF1}.Release|Any CPU.ActiveCfg = Release|Any CPU
		{1AAB7842-71F6-42D2-97A3-9E7DF2EBCBF1}.Release|Any CPU.Build.0 = Release|Any CPU
		{01438FBB-1799-430D-A92E-0DEB96D6C79B}.Debug|Any CPU.ActiveCfg = Debug|Any CPU
		{01438FBB-1799-430D-A92E-0DEB96D6C79B}.Debug|Any CPU.Build.0 = Debug|Any CPU
		{01438FBB-1799-430D-A92E-0DEB96D6C79B}.Release|Any CPU.ActiveCfg = Release|Any CPU
		{01438FBB-1799-430D-A92E-0DEB96D6C79B}.Release|Any CPU.Build.0 = Release|Any CPU
		{AB0E50BD-2401-1997-AC6F-98B66ADAD23C}.Debug|Any CPU.ActiveCfg = Debug|Any CPU
		{AB0E50BD-2401-1997-AC6F-98B66ADAD23C}.Debug|Any CPU.Build.0 = Debug|Any CPU
		{AB0E50BD-2401-1997-AC6F-98B66ADAD23C}.Release|Any CPU.ActiveCfg = Release|Any CPU
		{AB0E50BD-2401-1997-AC6F-98B66ADAD23C}.Release|Any CPU.Build.0 = Release|Any CPU
		{1665859A-3A53-475A-9907-7BA3C5AD5AD3}.Debug|Any CPU.ActiveCfg = Debug|Any CPU
		{1665859A-3A53-475A-9907-7BA3C5AD5AD3}.Debug|Any CPU.Build.0 = Debug|Any CPU
		{1665859A-3A53-475A-9907-7BA3C5AD5AD3}.Release|Any CPU.ActiveCfg = Release|Any CPU
		{1665859A-3A53-475A-9907-7BA3C5AD5AD3}.Release|Any CPU.Build.0 = Release|Any CPU
		{728D781E-CD23-4A59-B9A1-D7311C3A5D29}.Debug|Any CPU.ActiveCfg = Debug|Any CPU
		{728D781E-CD23-4A59-B9A1-D7311C3A5D29}.Debug|Any CPU.Build.0 = Debug|Any CPU
		{728D781E-CD23-4A59-B9A1-D7311C3A5D29}.Release|Any CPU.ActiveCfg = Release|Any CPU
		{728D781E-CD23-4A59-B9A1-D7311C3A5D29}.Release|Any CPU.Build.0 = Release|Any CPU
		{80638E38-0D1E-4F63-9883-CBC521B65063}.Debug|Any CPU.ActiveCfg = Debug|Any CPU
		{80638E38-0D1E-4F63-9883-CBC521B65063}.Debug|Any CPU.Build.0 = Debug|Any CPU
		{80638E38-0D1E-4F63-9883-CBC521B65063}.Release|Any CPU.ActiveCfg = Release|Any CPU
		{80638E38-0D1E-4F63-9883-CBC521B65063}.Release|Any CPU.Build.0 = Release|Any CPU
		{48A60915-5958-3A47-6660-785DFE320364}.Debug|Any CPU.ActiveCfg = Debug|Any CPU
		{48A60915-5958-3A47-6660-785DFE320364}.Debug|Any CPU.Build.0 = Debug|Any CPU
		{48A60915-5958-3A47-6660-785DFE320364}.Release|Any CPU.ActiveCfg = Release|Any CPU
		{48A60915-5958-3A47-6660-785DFE320364}.Release|Any CPU.Build.0 = Release|Any CPU
		{9956B7E0-0729-436D-80FA-36842781529F}.Debug|Any CPU.ActiveCfg = Debug|Any CPU
		{9956B7E0-0729-436D-80FA-36842781529F}.Debug|Any CPU.Build.0 = Debug|Any CPU
		{9956B7E0-0729-436D-80FA-36842781529F}.Release|Any CPU.ActiveCfg = Release|Any CPU
		{9956B7E0-0729-436D-80FA-36842781529F}.Release|Any CPU.Build.0 = Release|Any CPU
		{BA145C8C-FCDF-4064-83FD-1B5CFD8893B5}.Debug|Any CPU.ActiveCfg = Debug|Any CPU
		{BA145C8C-FCDF-4064-83FD-1B5CFD8893B5}.Debug|Any CPU.Build.0 = Debug|Any CPU
		{BA145C8C-FCDF-4064-83FD-1B5CFD8893B5}.Release|Any CPU.ActiveCfg = Release|Any CPU
		{BA145C8C-FCDF-4064-83FD-1B5CFD8893B5}.Release|Any CPU.Build.0 = Release|Any CPU
		{768B075C-A3C8-495A-AA7E-E602A6DB7016}.Debug|Any CPU.ActiveCfg = Debug|Any CPU
		{768B075C-A3C8-495A-AA7E-E602A6DB7016}.Debug|Any CPU.Build.0 = Debug|Any CPU
		{768B075C-A3C8-495A-AA7E-E602A6DB7016}.Release|Any CPU.ActiveCfg = Release|Any CPU
		{768B075C-A3C8-495A-AA7E-E602A6DB7016}.Release|Any CPU.Build.0 = Release|Any CPU
	EndGlobalSection
	GlobalSection(SolutionProperties) = preSolution
		HideSolutionNode = FALSE
	EndGlobalSection
	GlobalSection(NestedProjects) = preSolution
		{4E8990BA-B58C-4324-B26F-0137E3146202} = {F6C859C3-EB6D-440C-8379-9875DA7FC1A3}
		{C4299002-6DCD-4F2D-AA66-EB353EF686BB} = {F6C859C3-EB6D-440C-8379-9875DA7FC1A3}
		{B3FA86EE-0545-44B8-B47B-BE7E23AA4E82} = {B773B8AF-08A6-42B2-90E9-374296728CFB}
		{D71AFF95-4633-9FBE-A376-5A279505AF64} = {B3FA86EE-0545-44B8-B47B-BE7E23AA4E82}
		{36349037-491D-40DA-B76E-3AE78EF2C1BF} = {B3FA86EE-0545-44B8-B47B-BE7E23AA4E82}
		{1AAB7842-71F6-42D2-97A3-9E7DF2EBCBF1} = {B3FA86EE-0545-44B8-B47B-BE7E23AA4E82}
		{01438FBB-1799-430D-A92E-0DEB96D6C79B} = {B3FA86EE-0545-44B8-B47B-BE7E23AA4E82}
		{B200FDB2-2A45-48A5-9E44-9C4C9106AE78} = {B773B8AF-08A6-42B2-90E9-374296728CFB}
		{AB0E50BD-2401-1997-AC6F-98B66ADAD23C} = {B200FDB2-2A45-48A5-9E44-9C4C9106AE78}
		{1665859A-3A53-475A-9907-7BA3C5AD5AD3} = {B200FDB2-2A45-48A5-9E44-9C4C9106AE78}
		{728D781E-CD23-4A59-B9A1-D7311C3A5D29} = {B200FDB2-2A45-48A5-9E44-9C4C9106AE78}
		{80638E38-0D1E-4F63-9883-CBC521B65063} = {B200FDB2-2A45-48A5-9E44-9C4C9106AE78}
		{6801AD8A-3576-4648-94C1-E387DB7C287C} = {B773B8AF-08A6-42B2-90E9-374296728CFB}
		{48A60915-5958-3A47-6660-785DFE320364} = {6801AD8A-3576-4648-94C1-E387DB7C287C}
		{9956B7E0-0729-436D-80FA-36842781529F} = {6801AD8A-3576-4648-94C1-E387DB7C287C}
		{BA145C8C-FCDF-4064-83FD-1B5CFD8893B5} = {6801AD8A-3576-4648-94C1-E387DB7C287C}
		{768B075C-A3C8-495A-AA7E-E602A6DB7016} = {6801AD8A-3576-4648-94C1-E387DB7C287C}
	EndGlobalSection
	GlobalSection(ExtensibilityGlobals) = postSolution
		SolutionGuid = {B8D0999C-0B4B-4BF8-A549-C7983EF4C67F}
	EndGlobalSection
EndGlobal
