<Solution>
  <Folder Name="/BuildingBlocks/">
    <Project Path="BuildingBlocks/BuildingBlocks.Messaging/BuildingBlocks.Messaging.csproj" />
    <Project Path="BuildingBlocks/BuildingBlocks/BuildingBlocks.csproj" />
  </Folder>
  <Folder Name="/Clients/">
    <Project Path="Clients/neurovision.ai.portal/neurovision.ai.portal.esproj">
      <Build />
      <Deploy />
    </Project>
  </Folder>
  <Folder Name="/Gateway/">
    <Project Path="Gateway/Gateway.API/Gateway.API.csproj" />
  </Folder>
  <Folder Name="/Services/" />
  <Folder Name="/Services/Identity/">
    <Project Path="Services/Identity/IdentityService.API/IdentityService.API.csproj" />
    <Project Path="Services/Identity/IdentityService.Application/IdentityService.Application.csproj" />
    <Project Path="Services/Identity/IdentityService.Domain/IdentityService.Domain.csproj" />
    <Project Path="Services/Identity/IdentityService.Infrastructure/IdentityService.Infrastructure.csproj" />
  </Folder>
  <Folder Name="/Services/Location/" Id="3c86dbb2-578c-d4b9-14b0-7b9ee208d811">
    <Project Path="Services/Location/Location.API/LocationService.API.csproj" />
    <Project Path="Services/Location/Location.Application/LocationService.Application.csproj" />
    <Project Path="Services/Location/Location.Domain/LocationService.Domain.csproj" />
    <Project Path="Services/Location/Location.Infrastructure/LocationService.Infrastructure.csproj" />
  </Folder>
  <Folder Name="/Services/Mail/">
    <Project Path="Services/Mail/MailService.API/MailService.API.csproj" />
    <Project Path="Services/Mail/MailService.Application/MailService.Application.csproj" Id="df7621e5-6f99-4148-a255-65a3b549edf0" />
    <Project Path="Services/Mail/MailService.Domain/MailService.Domain.csproj" Id="8cd4e093-cbb5-44bb-b59b-8716d86e0bf0" />
    <Project Path="Services/Mail/MailService.Infrastructure/MailService.Infrastructure.csproj" Id="5e63e121-db8a-4775-a4f8-638dc5b0ebab" />
  </Folder>
  <Folder Name="/Services/Pdf/">
    <Project Path="Services/Pdf/PdfService.API/PdfService.API.csproj" />
    <Project Path="Services/Pdf/PdfService.Application/PdfService.Application.csproj" />
    <Project Path="Services/Pdf/PdfService.Domain/PdfService.Domain.csproj" />
    <Project Path="Services/Pdf/PdfService.Infrastructure/PdfService.Infrastructure.csproj" />
  </Folder>
  <Folder Name="/Tests/" />
  <Folder Name="/Tests/Identity/">
    <Project Path="tests/Identity/IdentityService.ArchitectureTests/IdentityService.ArchitectureTests.csproj" />
    <Project Path="tests/Identity/IdentityService.UnitTests/IdentityService.UnitTests.csproj" />
  </Folder>
  <Folder Name="/Tests/Location/" Id="0f4598f7-b237-6942-a69e-41e947896fb6">
    <Project Path="Tests/Location/LocationService.ArchitectureTests/LocationService.ArchitectureTests.csproj" />
    <Project Path="Tests/Location/LocationService.UnitTests/LocationService.UnitTests.csproj" />
  </Folder>
  <Folder Name="/Tests/Mail/">
    <Project Path="Tests/Mail/MailService.ArchitectureTests/MailService.ArchitectureTests.csproj" />
    <Project Path="Tests/Mail/MailService.UnitTests/MailService.UnitTests.csproj" />
  </Folder>
  <Folder Name="/Tests/Pdf/">
    <Project Path="Tests/Pdf/PdfService.ArchitectureTests/PdfService.ArchitectureTests.csproj" />
    <Project Path="Tests/Pdf/PdfService.UnitTests/PdfService.UnitTests.csproj" />
  </Folder>
  <Project Path="neurovision.ai.AppHost/neurovision.ai.AppHost.csproj" Id="cffd2ebe-982b-42ad-b022-6bcb9aa24004" />
  <Project Path="neurovision.ai.ServiceDefaults/neurovision.ai.ServiceDefaults.csproj" />
</Solution>
